# @generated - this file is auto-generated by `mise lock` https://mise.jdx.dev/dev-tools/mise-lock.html

[[tools."aqua:neovim/neovim"]]
version = "0.12.3"
backend = "aqua:neovim/neovim"

[tools."aqua:neovim/neovim"."platforms.linux-arm64"]
checksum = "sha256:e055af73fa9c72b37456da8d204fa5c09850bc07e80e9176fe3b87d4afb7a3fc"
url = "https://github.com/neovim/neovim/releases/download/v0.12.3/nvim-linux-arm64.tar.gz"
url_api = "https://api.github.com/repos/neovim/neovim/releases/assets/444117722"

[tools."aqua:neovim/neovim"."platforms.linux-arm64-musl"]
checksum = "sha256:e055af73fa9c72b37456da8d204fa5c09850bc07e80e9176fe3b87d4afb7a3fc"
url = "https://github.com/neovim/neovim/releases/download/v0.12.3/nvim-linux-arm64.tar.gz"
url_api = "https://api.github.com/repos/neovim/neovim/releases/assets/444117722"

[tools."aqua:neovim/neovim"."platforms.linux-x64"]
checksum = "sha256:c441b547142860bf01bcce39e36cbed185c41112813e15443b16e5237750724d"
url = "https://github.com/neovim/neovim/releases/download/v0.12.3/nvim-linux-x86_64.tar.gz"
url_api = "https://api.github.com/repos/neovim/neovim/releases/assets/444117727"

[tools."aqua:neovim/neovim"."platforms.linux-x64-musl"]
checksum = "sha256:c441b547142860bf01bcce39e36cbed185c41112813e15443b16e5237750724d"
url = "https://github.com/neovim/neovim/releases/download/v0.12.3/nvim-linux-x86_64.tar.gz"
url_api = "https://api.github.com/repos/neovim/neovim/releases/assets/444117727"

[tools."aqua:neovim/neovim"."platforms.macos-arm64"]
checksum = "sha256:532da1d00e465a660fa01c3d4991333d09c52107dce7df937368545daca0a14e"
url = "https://github.com/neovim/neovim/releases/download/v0.12.3/nvim-macos-arm64.tar.gz"
url_api = "https://api.github.com/repos/neovim/neovim/releases/assets/444117725"

[tools."aqua:neovim/neovim"."platforms.macos-x64"]
checksum = "sha256:4b40e318eb7073321fa5fc06d7f60c3c0de1d7ea50ffbaa8b04286f5484d294f"
url = "https://github.com/neovim/neovim/releases/download/v0.12.3/nvim-macos-x86_64.tar.gz"
url_api = "https://api.github.com/repos/neovim/neovim/releases/assets/444117724"

[tools."aqua:neovim/neovim"."platforms.windows-x64"]
checksum = "sha256:63daa0a0374f2255d2fb4c0867fcacc64a09c8d7ec1c349f781aff1b8350a8ad"
url = "https://github.com/neovim/neovim/releases/download/v0.12.3/nvim-win64.zip"
url_api = "https://api.github.com/repos/neovim/neovim/releases/assets/444117749"

[[tools.bitwarden]]
version = "2026.7.0"
backend = "aqua:bitwarden/clients"

[tools.bitwarden."platforms.linux-arm64"]
checksum = "sha256:e33ed05ca0fada9bd51b8bce76a230369bf0eefd5796a0a8e60699c977327fb5"
url = "https://github.com/bitwarden/clients/releases/download/cli-v2026.7.0/bw-linux-arm64-2026.7.0.zip"
url_api = "https://api.github.com/repos/bitwarden/clients/releases/assets/487644422"

[tools.bitwarden."platforms.linux-arm64-musl"]
checksum = "sha256:e33ed05ca0fada9bd51b8bce76a230369bf0eefd5796a0a8e60699c977327fb5"
url = "https://github.com/bitwarden/clients/releases/download/cli-v2026.7.0/bw-linux-arm64-2026.7.0.zip"
url_api = "https://api.github.com/repos/bitwarden/clients/releases/assets/487644422"

[tools.bitwarden."platforms.linux-x64"]
checksum = "sha256:7a35145e205952f7434d2370da359543145ae0c45ba1af0fe9bdd99d40a00180"
url = "https://github.com/bitwarden/clients/releases/download/cli-v2026.7.0/bw-linux-2026.7.0.zip"
url_api = "https://api.github.com/repos/bitwarden/clients/releases/assets/487644388"

[tools.bitwarden."platforms.linux-x64-musl"]
checksum = "sha256:7a35145e205952f7434d2370da359543145ae0c45ba1af0fe9bdd99d40a00180"
url = "https://github.com/bitwarden/clients/releases/download/cli-v2026.7.0/bw-linux-2026.7.0.zip"
url_api = "https://api.github.com/repos/bitwarden/clients/releases/assets/487644388"

[tools.bitwarden."platforms.macos-arm64"]
checksum = "sha256:61d5de8a279a9faf3637216f4fb02b506a1e4bb2817d1c64be0bd474466dd85a"
url = "https://github.com/bitwarden/clients/releases/download/cli-v2026.7.0/bw-macos-arm64-2026.7.0.zip"
url_api = "https://api.github.com/repos/bitwarden/clients/releases/assets/487644300"

[tools.bitwarden."platforms.macos-x64"]
checksum = "sha256:b37836d539798f5adeb8a907619ee8a55b6322549bb68669aa4b3a03d5bc0452"
url = "https://github.com/bitwarden/clients/releases/download/cli-v2026.7.0/bw-macos-2026.7.0.zip"
url_api = "https://api.github.com/repos/bitwarden/clients/releases/assets/487644269"

[tools.bitwarden."platforms.windows-x64"]
checksum = "sha256:b0c22438607b789c6452dbd37ffd6be0e8a61e7a5c4e9ac57804d7ae5ed01b5b"
url = "https://github.com/bitwarden/clients/releases/download/cli-v2026.7.0/bw-windows-2026.7.0.zip"
url_api = "https://api.github.com/repos/bitwarden/clients/releases/assets/487644184"

[[tools.bun]]
version = "1.3.14"
backend = "core:bun"

[tools.bun."platforms.linux-arm64"]
checksum = "sha256:a27ffb63a8310375836e0d6f668ae17fa8d8d18b88c37c821c65331973a19a3b"
url = "https://github.com/oven-sh/bun/releases/download/bun-v1.3.14/bun-linux-aarch64.zip"

[tools.bun."platforms.linux-arm64-musl"]
checksum = "sha256:b98e0ad3625c5c00d1d5b5ff55605c7adddbfae151861e68ade57b2d3b8703bb"
url = "https://github.com/oven-sh/bun/releases/download/bun-v1.3.14/bun-linux-aarch64-musl.zip"

[tools.bun."platforms.linux-x64"]
checksum = "sha256:951ee2aee855f08595aeec6225226a298d3fea83a3dcd6465c09cbccdf7e848f"
url = "https://github.com/oven-sh/bun/releases/download/bun-v1.3.14/bun-linux-x64.zip"

[tools.bun."platforms.linux-x64-baseline"]
checksum = "sha256:a063908ae08b7852ca10939bbdc6ceed3ddabce8fb9402dce83d65d73b36e6c7"
url = "https://github.com/oven-sh/bun/releases/download/bun-v1.3.14/bun-linux-x64-baseline.zip"

[tools.bun."platforms.linux-x64-musl"]
checksum = "sha256:14bd9aedeebf1dba67e8def9531c89bc989ecfdf1de42e5bfcaf1b8cd9294719"
url = "https://github.com/oven-sh/bun/releases/download/bun-v1.3.14/bun-linux-x64-musl.zip"

[tools.bun."platforms.linux-x64-musl-baseline"]
checksum = "sha256:56a7d6806cf155536c0178f0ea5fbd098e684fa509ebdb4fc0a7e19fb65382dc"
url = "https://github.com/oven-sh/bun/releases/download/bun-v1.3.14/bun-linux-x64-musl-baseline.zip"

[tools.bun."platforms.macos-arm64"]
checksum = "sha256:d8b96221828ad6f97ac7ac0ab7e95872341af763001e8803e8267652c2652620"
url = "https://github.com/oven-sh/bun/releases/download/bun-v1.3.14/bun-darwin-aarch64.zip"

[tools.bun."platforms.macos-x64"]
checksum = "sha256:4183df3374623e5bab315c547cfa0974533cd457d86b73b639f7a87974cd6633"
url = "https://github.com/oven-sh/bun/releases/download/bun-v1.3.14/bun-darwin-x64.zip"

[tools.bun."platforms.macos-x64-baseline"]
checksum = "sha256:3e35ad6f53971a9834bf9e6786e2adf72b5f1921cc9a9c5fde073d2972944076"
url = "https://github.com/oven-sh/bun/releases/download/bun-v1.3.14/bun-darwin-x64-baseline.zip"

[tools.bun."platforms.windows-x64"]
checksum = "sha256:0a0620930b6675d7ba440e81f4e0e00d3cfbe096c4b140d3fff02205e9e18922"
url = "https://github.com/oven-sh/bun/releases/download/bun-v1.3.14/bun-windows-x64.zip"

[tools.bun."platforms.windows-x64-baseline"]
checksum = "sha256:538f9c846355d9e847b2671bc00c47da4229a0befb24df3282b739770f3b475f"
url = "https://github.com/oven-sh/bun/releases/download/bun-v1.3.14/bun-windows-x64-baseline.zip"

[[tools.deno]]
version = "2.9.4"
backend = "core:deno"

[tools.deno."platforms.linux-arm64"]
checksum = "sha256:111da5c05c240cfdc4340f234a0e3539d39dbcb6755221f19dcd60bacc8be5aa"
url = "https://dl.deno.land/release/v2.9.4/deno-aarch64-unknown-linux-gnu.zip"

[tools.deno."platforms.linux-arm64-musl"]
checksum = "sha256:111da5c05c240cfdc4340f234a0e3539d39dbcb6755221f19dcd60bacc8be5aa"
url = "https://dl.deno.land/release/v2.9.4/deno-aarch64-unknown-linux-gnu.zip"

[tools.deno."platforms.linux-x64"]
checksum = "sha256:c24f955d9fbfe0ea5ae2b501c8e71ae76e31e4c9782390a54a284b3364fda725"
url = "https://dl.deno.land/release/v2.9.4/deno-x86_64-unknown-linux-gnu.zip"

[tools.deno."platforms.linux-x64-musl"]
checksum = "sha256:c24f955d9fbfe0ea5ae2b501c8e71ae76e31e4c9782390a54a284b3364fda725"
url = "https://dl.deno.land/release/v2.9.4/deno-x86_64-unknown-linux-gnu.zip"

[tools.deno."platforms.macos-arm64"]
checksum = "sha256:6d17647fdbf9c587a581dba205054c4ccf732dae0a196cc1e9b44c07589db412"
url = "https://dl.deno.land/release/v2.9.4/deno-aarch64-apple-darwin.zip"

[tools.deno."platforms.macos-x64"]
checksum = "sha256:f757df6d3991e37601c69fad56c22b37c4ea77b5dcfad3636a642c2ba4c9b19f"
url = "https://dl.deno.land/release/v2.9.4/deno-x86_64-apple-darwin.zip"

[tools.deno."platforms.windows-x64"]
checksum = "sha256:68ed08b05c56cf887e9aa509947dc3f468f7e12f47a13e5c1abd51d46d1453ef"
url = "https://dl.deno.land/release/v2.9.4/deno-x86_64-pc-windows-msvc.zip"

[[tools.elixir]]
version = "1.19.5-otp-28"
backend = "core:elixir"

[tools.elixir."platforms.linux-arm64"]
checksum = "sha256:ca481510feb6dabc875bba43e44b25c7abafa53bd7a103639851b7aeace8a022"
url = "https://builds.hex.pm/builds/elixir/v1.19.5-otp-28.zip"

[tools.elixir."platforms.linux-arm64-musl"]
checksum = "sha256:ca481510feb6dabc875bba43e44b25c7abafa53bd7a103639851b7aeace8a022"
url = "https://builds.hex.pm/builds/elixir/v1.19.5-otp-28.zip"

[tools.elixir."platforms.linux-x64"]
checksum = "sha256:ca481510feb6dabc875bba43e44b25c7abafa53bd7a103639851b7aeace8a022"
url = "https://builds.hex.pm/builds/elixir/v1.19.5-otp-28.zip"

[tools.elixir."platforms.linux-x64-musl"]
checksum = "sha256:ca481510feb6dabc875bba43e44b25c7abafa53bd7a103639851b7aeace8a022"
url = "https://builds.hex.pm/builds/elixir/v1.19.5-otp-28.zip"

[tools.elixir."platforms.macos-arm64"]
checksum = "sha256:ca481510feb6dabc875bba43e44b25c7abafa53bd7a103639851b7aeace8a022"
url = "https://builds.hex.pm/builds/elixir/v1.19.5-otp-28.zip"

[tools.elixir."platforms.macos-x64"]
checksum = "sha256:ca481510feb6dabc875bba43e44b25c7abafa53bd7a103639851b7aeace8a022"
url = "https://builds.hex.pm/builds/elixir/v1.19.5-otp-28.zip"

[tools.elixir."platforms.windows-x64"]
checksum = "sha256:ca481510feb6dabc875bba43e44b25c7abafa53bd7a103639851b7aeace8a022"
url = "https://builds.hex.pm/builds/elixir/v1.19.5-otp-28.zip"

[[tools.erlang]]
version = "28.3.1"
backend = "core:erlang"

[tools.erlang."platforms.linux-arm64-musl"]
checksum = "sha256:faf7293df4aaf13ae297508597d3f758353b952dcc99dd88483993cd0548ea12"
url = "https://github.com/erlang/otp/releases/download/OTP-28.3.1/otp_src_28.3.1.tar.gz"
url_api = "https://api.github.com/repos/erlang/otp/releases/assets/340443677"
install = "source"

[tools.erlang."platforms.linux-x64-musl"]
checksum = "sha256:faf7293df4aaf13ae297508597d3f758353b952dcc99dd88483993cd0548ea12"
url = "https://github.com/erlang/otp/releases/download/OTP-28.3.1/otp_src_28.3.1.tar.gz"
url_api = "https://api.github.com/repos/erlang/otp/releases/assets/340443677"
install = "source"

[tools.erlang."platforms.macos-arm64"]
checksum = "sha256:6331eec49b05813f2dd19cc0c14cb8bfd899e6cc836b7a92a01c6273165f8370"
url = "https://github.com/erlef/otp_builds/releases/download/OTP-28.3.1/otp-aarch64-apple-darwin.tar.gz"
url_api = "https://api.github.com/repos/erlef/otp_builds/releases/assets/340414964"

[tools.erlang."platforms.macos-x64"]
checksum = "sha256:b3f496f7ca5e24c632b8892cd3c0bf0941ec8d19fafa82411b258c67a101d1c0"
url = "https://github.com/erlef/otp_builds/releases/download/OTP-28.3.1/otp-x86_64-apple-darwin.tar.gz"
url_api = "https://api.github.com/repos/erlef/otp_builds/releases/assets/366716022"

[tools.erlang."platforms.windows-x64"]
checksum = "sha256:dc01617f3b076aeab6e64eb2738ec82399f7716957337b6c8317aa5f74e18df4"
url = "https://github.com/erlang/otp/releases/download/OTP-28.3.1/otp_win64_28.3.1.zip"
url_api = "https://api.github.com/repos/erlang/otp/releases/assets/340451316"

[[tools.flyctl]]
version = "0.4.77"
backend = "aqua:superfly/flyctl"

[tools.flyctl."platforms.linux-arm64"]
checksum = "sha256:974b5e3013a620bd5f8d74bfd998dcd2a8e09f2f93196995371bca80b44564b2"
url = "https://github.com/superfly/flyctl/releases/download/v0.4.77/flyctl_0.4.77_Linux_arm64.tar.gz"
url_api = "https://api.github.com/repos/superfly/flyctl/releases/assets/495778559"

[tools.flyctl."platforms.linux-arm64-musl"]
checksum = "sha256:974b5e3013a620bd5f8d74bfd998dcd2a8e09f2f93196995371bca80b44564b2"
url = "https://github.com/superfly/flyctl/releases/download/v0.4.77/flyctl_0.4.77_Linux_arm64.tar.gz"
url_api = "https://api.github.com/repos/superfly/flyctl/releases/assets/495778559"

[tools.flyctl."platforms.linux-x64"]
checksum = "sha256:4931a3d0365c4b9a8bacda8a5e53be7692eac249aa2a7b917b99b086b083fdcc"
url = "https://github.com/superfly/flyctl/releases/download/v0.4.77/flyctl_0.4.77_Linux_x86_64.tar.gz"
url_api = "https://api.github.com/repos/superfly/flyctl/releases/assets/495778560"

[tools.flyctl."platforms.linux-x64-musl"]
checksum = "sha256:4931a3d0365c4b9a8bacda8a5e53be7692eac249aa2a7b917b99b086b083fdcc"
url = "https://github.com/superfly/flyctl/releases/download/v0.4.77/flyctl_0.4.77_Linux_x86_64.tar.gz"
url_api = "https://api.github.com/repos/superfly/flyctl/releases/assets/495778560"

[tools.flyctl."platforms.macos-arm64"]
checksum = "sha256:73e35b795b64fe4b658775d6039225da4da0c162941b0d64cec11bf7cab09b13"
url = "https://github.com/superfly/flyctl/releases/download/v0.4.77/flyctl_0.4.77_macOS_arm64.tar.gz"
url_api = "https://api.github.com/repos/superfly/flyctl/releases/assets/495778558"

[tools.flyctl."platforms.macos-x64"]
checksum = "sha256:6603884c79097173ad42f69c11e65556c0fbee29ef6c9ab50a5504eb825096a6"
url = "https://github.com/superfly/flyctl/releases/download/v0.4.77/flyctl_0.4.77_macOS_x86_64.tar.gz"
url_api = "https://api.github.com/repos/superfly/flyctl/releases/assets/495778557"

[tools.flyctl."platforms.windows-x64"]
checksum = "sha256:6a9869922fa6f5abdc8997a8f6eb276aa9feb5a0848d963d9eb3d50e034fcb5a"
url = "https://github.com/superfly/flyctl/releases/download/v0.4.77/flyctl_0.4.77_Windows_x86_64.zip"
url_api = "https://api.github.com/repos/superfly/flyctl/releases/assets/495778612"

[[tools."github:render-oss/cli"]]
version = "2.22.0"
backend = "github:render-oss/cli"

[tools."github:render-oss/cli"."platforms.macos-arm64"]
checksum = "sha256:7a4076a7cd917ece02dc101b2965dddfc7bcacb5fc1f9cd1cfc908b79f2898ab"
url = "https://github.com/render-oss/cli/releases/download/v2.22.0/cli_2.22.0_darwin_arm64.zip"
url_api = "https://api.github.com/repos/render-oss/cli/releases/assets/484841288"

[[tools.go]]
version = "1.25.12"
backend = "core:go"

[tools.go."platforms.linux-arm64"]
checksum = "sha256:8b5884aef89600aef5b0b051fb971f11f49bb996521e911f30f02a66884f7bd2"
url = "https://dl.google.com/go/go1.25.12.linux-arm64.tar.gz"

[tools.go."platforms.linux-arm64-musl"]
checksum = "sha256:8b5884aef89600aef5b0b051fb971f11f49bb996521e911f30f02a66884f7bd2"
url = "https://dl.google.com/go/go1.25.12.linux-arm64.tar.gz"

[tools.go."platforms.linux-x64"]
checksum = "sha256:234828b7a89e0e303d2556310ee549fbcf253d28de937bac3da13d6294262ac1"
url = "https://dl.google.com/go/go1.25.12.linux-amd64.tar.gz"

[tools.go."platforms.linux-x64-musl"]
checksum = "sha256:234828b7a89e0e303d2556310ee549fbcf253d28de937bac3da13d6294262ac1"
url = "https://dl.google.com/go/go1.25.12.linux-amd64.tar.gz"

[tools.go."platforms.macos-arm64"]
checksum = "sha256:fa2c88bbcf64bd3b2aef355f026cfec6d3a4a01c132f999c8f8c964eb767164f"
url = "https://dl.google.com/go/go1.25.12.darwin-arm64.tar.gz"

[tools.go."platforms.macos-x64"]
checksum = "sha256:00a2e743b82bccec03c51c4b0f7e46d5fec52184075fd6c5183c3bb39ae9fb00"
url = "https://dl.google.com/go/go1.25.12.darwin-amd64.tar.gz"

[tools.go."platforms.windows-x64"]
checksum = "sha256:d5dc82da351b00e5eedd04f41356817d674cc4308131f0f638a5b14c5c3af4cb"
url = "https://dl.google.com/go/go1.25.12.windows-amd64.zip"

[[tools.herdr]]
version = "0.7.5"
backend = "aqua:ogulcancelik/herdr"

[tools.herdr."platforms.linux-arm64"]
checksum = "sha256:32e763a1499a6b694b1d708e4f062b743be1da9f34fcfa4d212d6db6fe09a8b9"
url = "https://github.com/herdrdev/herdr/releases/download/v0.7.5/herdr-linux-aarch64"
url_api = "https://api.github.com/repos/herdrdev/herdr/releases/assets/484992543"

[tools.herdr."platforms.linux-arm64-musl"]
checksum = "sha256:32e763a1499a6b694b1d708e4f062b743be1da9f34fcfa4d212d6db6fe09a8b9"
url = "https://github.com/herdrdev/herdr/releases/download/v0.7.5/herdr-linux-aarch64"
url_api = "https://api.github.com/repos/herdrdev/herdr/releases/assets/484992543"

[tools.herdr."platforms.linux-x64"]
checksum = "sha256:3dc83288073e4c2d3c679a30e7be97bcca9141c6fd17dbbb9219142e95c59253"
url = "https://github.com/herdrdev/herdr/releases/download/v0.7.5/herdr-linux-x86_64"
url_api = "https://api.github.com/repos/herdrdev/herdr/releases/assets/484992544"

[tools.herdr."platforms.linux-x64-musl"]
checksum = "sha256:3dc83288073e4c2d3c679a30e7be97bcca9141c6fd17dbbb9219142e95c59253"
url = "https://github.com/herdrdev/herdr/releases/download/v0.7.5/herdr-linux-x86_64"
url_api = "https://api.github.com/repos/herdrdev/herdr/releases/assets/484992544"

[tools.herdr."platforms.macos-arm64"]
checksum = "sha256:37350546b0012555943b92eaf962665de4e264395baeb44227b8015e8ff5b0d6"
url = "https://github.com/herdrdev/herdr/releases/download/v0.7.5/herdr-macos-aarch64"
url_api = "https://api.github.com/repos/herdrdev/herdr/releases/assets/484992542"

[tools.herdr."platforms.macos-x64"]
checksum = "sha256:3fe50c4a63dc8102306b1322178628ddb3655cd3ae56d784f094153408d69e62"
url = "https://github.com/herdrdev/herdr/releases/download/v0.7.5/herdr-macos-x86_64"
url_api = "https://api.github.com/repos/herdrdev/herdr/releases/assets/484992541"

[[tools.hunk]]
version = "0.17.7"
backend = "aqua:modem-dev/hunk"

[tools.hunk."platforms.linux-arm64"]
checksum = "sha256:fd9be9ad507c909352424c677f8a4045f3a03bec7d0248ec3d84d7606a1aaa05"
url = "https://github.com/modem-dev/hunk/releases/download/v0.17.7/hunkdiff-linux-arm64.tar.gz"
url_api = "https://api.github.com/repos/modem-dev/hunk/releases/assets/493434272"

[tools.hunk."platforms.linux-arm64-musl"]
checksum = "sha256:fd9be9ad507c909352424c677f8a4045f3a03bec7d0248ec3d84d7606a1aaa05"
url = "https://github.com/modem-dev/hunk/releases/download/v0.17.7/hunkdiff-linux-arm64.tar.gz"
url_api = "https://api.github.com/repos/modem-dev/hunk/releases/assets/493434272"

[tools.hunk."platforms.linux-x64"]
checksum = "sha256:69d4788ce57d4872c812b7f22b2e2ddfff287117339c336e9556dca8260e4c4f"
url = "https://github.com/modem-dev/hunk/releases/download/v0.17.7/hunkdiff-linux-x64.tar.gz"
url_api = "https://api.github.com/repos/modem-dev/hunk/releases/assets/493434277"

[tools.hunk."platforms.linux-x64-musl"]
checksum = "sha256:69d4788ce57d4872c812b7f22b2e2ddfff287117339c336e9556dca8260e4c4f"
url = "https://github.com/modem-dev/hunk/releases/download/v0.17.7/hunkdiff-linux-x64.tar.gz"
url_api = "https://api.github.com/repos/modem-dev/hunk/releases/assets/493434277"

[tools.hunk."platforms.macos-arm64"]
checksum = "sha256:7bf5ab4e625a51a8d9e7b92c703ff2c412a434ba136c2d447626173195083f81"
url = "https://github.com/modem-dev/hunk/releases/download/v0.17.7/hunkdiff-darwin-arm64.tar.gz"
url_api = "https://api.github.com/repos/modem-dev/hunk/releases/assets/493434271"

[tools.hunk."platforms.macos-x64"]
checksum = "sha256:a2a3f0645857338e494398e077544a06f04d73a26c48fc20a774697eb93c7111"
url = "https://github.com/modem-dev/hunk/releases/download/v0.17.7/hunkdiff-darwin-x64.tar.gz"
url_api = "https://api.github.com/repos/modem-dev/hunk/releases/assets/493434274"

[[tools.java]]
version = "zulu-17.68.17.0"
backend = "core:java"

[tools.java."platforms.linux-arm64"]
checksum = "sha256:46f1dc7678760d37d38699c5a5a34dea8ed451dcdf6d27890a7b61f025e7ff60"
url = "https://cdn.azul.com/zulu/bin/zulu17.68.17-ca-jdk17.0.20-linux_aarch64.tar.gz"

[tools.java."platforms.linux-arm64-musl"]
checksum = "sha256:5fef8e8d4e5d4be8133ba8b83ca05597b72a348be2a66134462e39af86cb9a6e"
url = "https://cdn.azul.com/zulu/bin/zulu17.68.17-ca-jdk17.0.20-linux_musl_aarch64.tar.gz"

[tools.java."platforms.linux-x64"]
checksum = "sha256:32c5efedf69f4a95635ea2923f6a6ee90ce6ca83df0bd43ba55dd662d5af429a"
url = "https://cdn.azul.com/zulu/bin/zulu17.68.17-ca-jdk17.0.20-linux_x64.tar.gz"

[tools.java."platforms.linux-x64-musl"]
checksum = "sha256:a999bcdfbbf7b1dfe79dfe1a66150370dc32b56ad1f09d8668292ff556a97c28"
url = "https://cdn.azul.com/zulu/bin/zulu17.68.17-ca-jdk17.0.20-linux_musl_x64.tar.gz"

[tools.java."platforms.macos-arm64"]
checksum = "sha256:0da52534760b74ba8a42660384b2f4e44311a47ae52faa45fcbd829b2797b244"
url = "https://cdn.azul.com/zulu/bin/zulu17.68.17-ca-jdk17.0.20-macosx_aarch64.tar.gz"

[tools.java."platforms.macos-x64"]
checksum = "sha256:b5bace4a346a7af0fe4f50904c46770e66d4b465800b038693c35e5d5b9bd52a"
url = "https://cdn.azul.com/zulu/bin/zulu17.68.17-ca-jdk17.0.20-macosx_x64.tar.gz"

[tools.java."platforms.windows-x64"]
checksum = "sha256:d207d8cec299f4d216bef1c7c081ba9504e79ba1cbc740de312d4a91b2d46436"
url = "https://cdn.azul.com/zulu/bin/zulu17.68.17-ca-jdk17.0.20-win_x64.zip"

[[tools.neonctl]]
version = "2.27.0"
backend = "aqua:neondatabase/neonctl"

[tools.neonctl."platforms.linux-arm64"]
checksum = "sha256:c6646458ed96e86152688d40ca6c8f97ea0442ea7b1a249c8e227b5c4af4522e"
url = "https://github.com/neondatabase/neonctl/releases/download/v2.27.0/neonctl-linux-arm64"
url_api = "https://api.github.com/repos/neondatabase/neonctl/releases/assets/455083966"

[tools.neonctl."platforms.linux-arm64-musl"]
checksum = "sha256:c6646458ed96e86152688d40ca6c8f97ea0442ea7b1a249c8e227b5c4af4522e"
url = "https://github.com/neondatabase/neonctl/releases/download/v2.27.0/neonctl-linux-arm64"
url_api = "https://api.github.com/repos/neondatabase/neonctl/releases/assets/455083966"

[tools.neonctl."platforms.linux-x64"]
checksum = "sha256:e6cd7fb2956cdb48c1a134b9820265dd87689ffca5cd7af52426d00e0376d5bf"
url = "https://github.com/neondatabase/neonctl/releases/download/v2.27.0/neonctl-linux-x64"
url_api = "https://api.github.com/repos/neondatabase/neonctl/releases/assets/455083967"

[tools.neonctl."platforms.linux-x64-musl"]
checksum = "sha256:e6cd7fb2956cdb48c1a134b9820265dd87689ffca5cd7af52426d00e0376d5bf"
url = "https://github.com/neondatabase/neonctl/releases/download/v2.27.0/neonctl-linux-x64"
url_api = "https://api.github.com/repos/neondatabase/neonctl/releases/assets/455083967"

[tools.neonctl."platforms.macos-arm64"]
checksum = "sha256:63db0af0b9f59313606fdfafc2602fe29c48f73b9fbd59f601a8cfd6a853e61d"
url = "https://github.com/neondatabase/neonctl/releases/download/v2.27.0/neonctl-macos-x64"
url_api = "https://api.github.com/repos/neondatabase/neonctl/releases/assets/455083965"

[tools.neonctl."platforms.macos-x64"]
checksum = "sha256:63db0af0b9f59313606fdfafc2602fe29c48f73b9fbd59f601a8cfd6a853e61d"
url = "https://github.com/neondatabase/neonctl/releases/download/v2.27.0/neonctl-macos-x64"
url_api = "https://api.github.com/repos/neondatabase/neonctl/releases/assets/455083965"

[tools.neonctl."platforms.windows-x64"]
checksum = "sha256:09164ff59ba77722c76827170387e027f2ce323afd71e1d4dd157a9f503d3ad4"
url = "https://github.com/neondatabase/neonctl/releases/download/v2.27.0/neonctl-win-x64.exe"
url_api = "https://api.github.com/repos/neondatabase/neonctl/releases/assets/455083964"

[[tools.node]]
version = "24.18.1"
backend = "core:node"

[tools.node."platforms.linux-arm64"]
checksum = "sha256:df224555a083b918e46260cc969838501b9f9a87140c1195e5b9597b56d5dae2"
url = "https://nodejs.org/dist/v24.18.1/node-v24.18.1-linux-arm64.tar.gz"

[tools.node."platforms.linux-arm64-musl"]
checksum = "sha256:ae1b6457edb875fd98130b37c853e51a53ac0cc40850ecccd490b61c5a3558fa"
url = "https://unofficial-builds.nodejs.org/download/release/v24.18.1/node-v24.18.1-linux-arm64-musl.tar.gz"

[tools.node."platforms.linux-x64"]
checksum = "sha256:9f5eb6ac21845a66c493c91a253b1da32fd684e89e9b7202d4936982336be4ca"
url = "https://nodejs.org/dist/v24.18.1/node-v24.18.1-linux-x64.tar.gz"

[tools.node."platforms.linux-x64-musl"]
checksum = "sha256:696979caef92505ad7566a3674ca9a93d8558e282f34e7899181c0321821ae5f"
url = "https://unofficial-builds.nodejs.org/download/release/v24.18.1/node-v24.18.1-linux-x64-musl.tar.gz"

[tools.node."platforms.macos-arm64"]
checksum = "sha256:eb02f7fab96d3d67de40c5ec8566096fcb4c2026728787683ae5a97eb612b941"
url = "https://nodejs.org/dist/v24.18.1/node-v24.18.1-darwin-arm64.tar.gz"

[tools.node."platforms.macos-x64"]
checksum = "sha256:6fb20fceacbb157c2f95825b80df4a454a0f6d81cdcd7bb81eeae9147e0e76ec"
url = "https://nodejs.org/dist/v24.18.1/node-v24.18.1-darwin-x64.tar.gz"

[tools.node."platforms.windows-x64"]
checksum = "sha256:ec56b84a7551893ab2324ebdfdc4ab974a63b4781162600b68a1293cc3e53765"
url = "https://nodejs.org/dist/v24.18.1/node-v24.18.1-win-x64.zip"

[[tools.python]]
version = "3.12.13"
backend = "core:python"

[tools.python."platforms.linux-arm64"]
url = "https://github.com/astral-sh/python-build-standalone/releases/download/20260728/cpython-3.12.13+20260728-aarch64-unknown-linux-gnu-install_only_stripped.tar.gz"
provenance = "github-attestations"

[tools.python."platforms.linux-arm64-musl"]
url = "https://github.com/astral-sh/python-build-standalone/releases/download/20260728/cpython-3.12.13+20260728-aarch64-unknown-linux-musl-install_only_stripped.tar.gz"
provenance = "github-attestations"

[tools.python."platforms.linux-x64"]
url = "https://github.com/astral-sh/python-build-standalone/releases/download/20260728/cpython-3.12.13+20260728-x86_64-unknown-linux-gnu-install_only_stripped.tar.gz"
provenance = "github-attestations"

[tools.python."platforms.linux-x64-musl"]
url = "https://github.com/astral-sh/python-build-standalone/releases/download/20260728/cpython-3.12.13+20260728-x86_64-unknown-linux-musl-install_only_stripped.tar.gz"
provenance = "github-attestations"

[tools.python."platforms.macos-arm64"]
checksum = "sha256:2f18cdef4125ca1440dd1ba00ebcb267526efb532138c0860438f755ea4eebac"
url = "https://github.com/astral-sh/python-build-standalone/releases/download/20260728/cpython-3.12.13+20260728-aarch64-apple-darwin-install_only_stripped.tar.gz"
provenance = "github-attestations"

[tools.python."platforms.macos-x64"]
url = "https://github.com/astral-sh/python-build-standalone/releases/download/20260728/cpython-3.12.13+20260728-x86_64-apple-darwin-install_only_stripped.tar.gz"
provenance = "github-attestations"

[tools.python."platforms.windows-x64"]
url = "https://github.com/astral-sh/python-build-standalone/releases/download/20260728/cpython-3.12.13+20260728-x86_64-pc-windows-msvc-install_only_stripped.tar.gz"
provenance = "github-attestations"

[[tools.render]]
version = "2.22.0"
backend = "github:render-oss/cli"

[tools.render."platforms.macos-arm64"]
checksum = "sha256:7a4076a7cd917ece02dc101b2965dddfc7bcacb5fc1f9cd1cfc908b79f2898ab"
url = "https://github.com/render-oss/cli/releases/download/v2.22.0/cli_2.22.0_darwin_arm64.zip"
url_api = "https://api.github.com/repos/render-oss/cli/releases/assets/484841288"

[[tools.ruby]]
version = "3.3.5"
backend = "core:ruby"

[tools.ruby."platforms.windows-x64"]
url = "https://github.com/oneclick/rubyinstaller2/releases/download/RubyInstaller-3.3.5-1/rubyinstaller-3.3.5-1-x64.7z"

[[tools.ruby]]
version = "3.3.5"
backend = "core:ruby"

[tools.ruby.options]
compile = "true"
ruby_build_repo = "https://github.com/rbenv/ruby-build.git"
ruby_install = "false"

[tools.ruby."platforms.linux-arm64"]
checksum = "sha256:3781a3504222c2f26cb4b9eb9c1a12dbf4944d366ce24a9ff8cf99ecbce75196"
url = "https://cache.ruby-lang.org/pub/ruby/3.3/ruby-3.3.5.tar.gz"

[tools.ruby."platforms.linux-arm64-musl"]
checksum = "sha256:3781a3504222c2f26cb4b9eb9c1a12dbf4944d366ce24a9ff8cf99ecbce75196"
url = "https://cache.ruby-lang.org/pub/ruby/3.3/ruby-3.3.5.tar.gz"

[tools.ruby."platforms.linux-x64"]
checksum = "sha256:3781a3504222c2f26cb4b9eb9c1a12dbf4944d366ce24a9ff8cf99ecbce75196"
url = "https://cache.ruby-lang.org/pub/ruby/3.3/ruby-3.3.5.tar.gz"

[tools.ruby."platforms.linux-x64-musl"]
checksum = "sha256:3781a3504222c2f26cb4b9eb9c1a12dbf4944d366ce24a9ff8cf99ecbce75196"
url = "https://cache.ruby-lang.org/pub/ruby/3.3/ruby-3.3.5.tar.gz"

[tools.ruby."platforms.macos-arm64"]
checksum = "sha256:3781a3504222c2f26cb4b9eb9c1a12dbf4944d366ce24a9ff8cf99ecbce75196"
url = "https://cache.ruby-lang.org/pub/ruby/3.3/ruby-3.3.5.tar.gz"

[tools.ruby."platforms.macos-x64"]
checksum = "sha256:3781a3504222c2f26cb4b9eb9c1a12dbf4944d366ce24a9ff8cf99ecbce75196"
url = "https://cache.ruby-lang.org/pub/ruby/3.3/ruby-3.3.5.tar.gz"

[[tools.turso]]
version = "1.0.31"
backend = "aqua:tursodatabase/turso-cli"

[tools.turso."platforms.linux-arm64"]
checksum = "sha256:dbc3c51edc4bbbc1c2a6be0585a28c79256cfd3f2dd1d4cdba961e7550db9dd5"
url = "https://github.com/tursodatabase/turso-cli/releases/download/v1.0.31/turso-cli_Linux_arm64.tar.gz"
url_api = "https://api.github.com/repos/tursodatabase/turso-cli/releases/assets/491561319"

[tools.turso."platforms.linux-arm64-musl"]
checksum = "sha256:dbc3c51edc4bbbc1c2a6be0585a28c79256cfd3f2dd1d4cdba961e7550db9dd5"
url = "https://github.com/tursodatabase/turso-cli/releases/download/v1.0.31/turso-cli_Linux_arm64.tar.gz"
url_api = "https://api.github.com/repos/tursodatabase/turso-cli/releases/assets/491561319"

[tools.turso."platforms.linux-x64"]
checksum = "sha256:84f5f564f778b3f3df2fee2aa56f0886db9acde654d80e66d95b9e228348d5a0"
url = "https://github.com/tursodatabase/turso-cli/releases/download/v1.0.31/turso-cli_Linux_x86_64.tar.gz"
url_api = "https://api.github.com/repos/tursodatabase/turso-cli/releases/assets/491561318"

[tools.turso."platforms.linux-x64-musl"]
checksum = "sha256:84f5f564f778b3f3df2fee2aa56f0886db9acde654d80e66d95b9e228348d5a0"
url = "https://github.com/tursodatabase/turso-cli/releases/download/v1.0.31/turso-cli_Linux_x86_64.tar.gz"
url_api = "https://api.github.com/repos/tursodatabase/turso-cli/releases/assets/491561318"

[tools.turso."platforms.macos-arm64"]
checksum = "sha256:28c4af17f3aa0e91471fb2ae573794a56f4e9c039427e7382e983d6bf4ec5bec"
url = "https://github.com/tursodatabase/turso-cli/releases/download/v1.0.31/turso-cli_Darwin_arm64.tar.gz"
url_api = "https://api.github.com/repos/tursodatabase/turso-cli/releases/assets/491561349"

[tools.turso."platforms.macos-x64"]
checksum = "sha256:44efaf6e14fb85b036b9b2e4439674ec463593fa7208005c073efa325b0af772"
url = "https://github.com/tursodatabase/turso-cli/releases/download/v1.0.31/turso-cli_Darwin_x86_64.tar.gz"
url_api = "https://api.github.com/repos/tursodatabase/turso-cli/releases/assets/491561321"

[[tools.typst]]
version = "0.15.1"
backend = "aqua:typst/typst"

[tools.typst."platforms.linux-arm64"]
checksum = "sha256:5aa8d74a3d906e60ea12a66ac2f37f8eef1b14cbad7182a745e393a10c23dcee"
url = "https://github.com/typst/typst/releases/download/v0.15.1/typst-aarch64-unknown-linux-musl.tar.xz"
url_api = "https://api.github.com/repos/typst/typst/releases/assets/480300408"

[tools.typst."platforms.linux-arm64-musl"]
checksum = "sha256:5aa8d74a3d906e60ea12a66ac2f37f8eef1b14cbad7182a745e393a10c23dcee"
url = "https://github.com/typst/typst/releases/download/v0.15.1/typst-aarch64-unknown-linux-musl.tar.xz"
url_api = "https://api.github.com/repos/typst/typst/releases/assets/480300408"

[tools.typst."platforms.linux-x64"]
checksum = "sha256:a6d077d0a95eed5a2eba715b2dae06be954f624ccbf85758a03f389ded33118c"
url = "https://github.com/typst/typst/releases/download/v0.15.1/typst-x86_64-unknown-linux-musl.tar.xz"
url_api = "https://api.github.com/repos/typst/typst/releases/assets/480300761"

[tools.typst."platforms.linux-x64-musl"]
checksum = "sha256:a6d077d0a95eed5a2eba715b2dae06be954f624ccbf85758a03f389ded33118c"
url = "https://github.com/typst/typst/releases/download/v0.15.1/typst-x86_64-unknown-linux-musl.tar.xz"
url_api = "https://api.github.com/repos/typst/typst/releases/assets/480300761"

[tools.typst."platforms.macos-arm64"]
checksum = "sha256:48f62ed034aa3a7978309579ac6ca00045e2ef0da73114e8af27cfd8e74dc05a"
url = "https://github.com/typst/typst/releases/download/v0.15.1/typst-aarch64-apple-darwin.tar.xz"
url_api = "https://api.github.com/repos/typst/typst/releases/assets/480299147"

[tools.typst."platforms.macos-x64"]
checksum = "sha256:7f9fdd9584866245de9a79e0add8f9236fae6f40a8a45e2c4771ccc14db4e0fa"
url = "https://github.com/typst/typst/releases/download/v0.15.1/typst-x86_64-apple-darwin.tar.xz"
url_api = "https://api.github.com/repos/typst/typst/releases/assets/480300018"

[tools.typst."platforms.windows-x64"]
checksum = "sha256:19ce3551153c2fe7ee9fa2f95208310c8f4d3209fedb699e0333faf8913f6736"
url = "https://github.com/typst/typst/releases/download/v0.15.1/typst-x86_64-pc-windows-msvc.zip"
url_api = "https://api.github.com/repos/typst/typst/releases/assets/480303335"

[[tools.usage]]
version = "4.1.0"
backend = "aqua:jdx/usage"

[tools.usage."platforms.linux-arm64"]
checksum = "sha256:35ae4c707c42c954fed092de8859614d6a9d6b77ac0d9d3b8e2bd2c817a5a891"
url = "https://github.com/jdx/usage/releases/download/v4.1.0/usage-aarch64-unknown-linux-musl.tar.gz"
url_api = "https://api.github.com/repos/jdx/usage/releases/assets/495318972"

[tools.usage."platforms.linux-arm64-musl"]
checksum = "sha256:35ae4c707c42c954fed092de8859614d6a9d6b77ac0d9d3b8e2bd2c817a5a891"
url = "https://github.com/jdx/usage/releases/download/v4.1.0/usage-aarch64-unknown-linux-musl.tar.gz"
url_api = "https://api.github.com/repos/jdx/usage/releases/assets/495318972"

[tools.usage."platforms.linux-x64"]
checksum = "sha256:3a7d28cb6e3bbdea3415f3a34beb980c4a750ce8c836c707e7157d93d628abfc"
url = "https://github.com/jdx/usage/releases/download/v4.1.0/usage-x86_64-unknown-linux-musl.tar.gz"
url_api = "https://api.github.com/repos/jdx/usage/releases/assets/495319369"

[tools.usage."platforms.linux-x64-musl"]
checksum = "sha256:3a7d28cb6e3bbdea3415f3a34beb980c4a750ce8c836c707e7157d93d628abfc"
url = "https://github.com/jdx/usage/releases/download/v4.1.0/usage-x86_64-unknown-linux-musl.tar.gz"
url_api = "https://api.github.com/repos/jdx/usage/releases/assets/495319369"

[tools.usage."platforms.macos-arm64"]
checksum = "sha256:3632729a16ebf0d30c47a7e325afee28234aa50a615e7da8dfdf3509345b3693"
url = "https://github.com/jdx/usage/releases/download/v4.1.0/usage-universal-apple-darwin.tar.gz"
url_api = "https://api.github.com/repos/jdx/usage/releases/assets/495319719"

[tools.usage."platforms.macos-x64"]
checksum = "sha256:3632729a16ebf0d30c47a7e325afee28234aa50a615e7da8dfdf3509345b3693"
url = "https://github.com/jdx/usage/releases/download/v4.1.0/usage-universal-apple-darwin.tar.gz"
url_api = "https://api.github.com/repos/jdx/usage/releases/assets/495319719"

[tools.usage."platforms.windows-x64"]
checksum = "sha256:a38efdfc2452b64f670b4f183b09d6135131e1b6b317a19fc8345be0f9ee4331"
url = "https://github.com/jdx/usage/releases/download/v4.1.0/usage-x86_64-pc-windows-msvc.zip"
url_api = "https://api.github.com/repos/jdx/usage/releases/assets/495320544"

[[tools.uv]]
version = "0.12.1"
backend = "aqua:astral-sh/uv"

[tools.uv."platforms.linux-arm64"]
checksum = "sha256:ce218dad9eb48a39dd86160bec6291fac7275f20a9cabcc4bc10dd2c757208f8"
url = "https://github.com/astral-sh/uv/releases/download/0.12.1/uv-aarch64-unknown-linux-musl.tar.gz"
url_api = "https://api.github.com/repos/astral-sh/uv/releases/assets/497097080"
provenance = "github-attestations"

[tools.uv."platforms.linux-arm64-musl"]
checksum = "sha256:ce218dad9eb48a39dd86160bec6291fac7275f20a9cabcc4bc10dd2c757208f8"
url = "https://github.com/astral-sh/uv/releases/download/0.12.1/uv-aarch64-unknown-linux-musl.tar.gz"
url_api = "https://api.github.com/repos/astral-sh/uv/releases/assets/497097080"
provenance = "github-attestations"

[tools.uv."platforms.linux-x64"]
checksum = "sha256:47823f814693bab8623308341369190de30b5c621eec5b1ee20352eae8c7982c"
url = "https://github.com/astral-sh/uv/releases/download/0.12.1/uv-x86_64-unknown-linux-musl.tar.gz"
url_api = "https://api.github.com/repos/astral-sh/uv/releases/assets/497097157"
provenance = "github-attestations"

[tools.uv."platforms.linux-x64-musl"]
checksum = "sha256:47823f814693bab8623308341369190de30b5c621eec5b1ee20352eae8c7982c"
url = "https://github.com/astral-sh/uv/releases/download/0.12.1/uv-x86_64-unknown-linux-musl.tar.gz"
url_api = "https://api.github.com/repos/astral-sh/uv/releases/assets/497097157"
provenance = "github-attestations"

[tools.uv."platforms.macos-arm64"]
checksum = "sha256:77d2906988e8074fd43f2f329ec452ebbf9b0c257ba1c66451c71de70a6baf42"
url = "https://github.com/astral-sh/uv/releases/download/0.12.1/uv-aarch64-apple-darwin.tar.gz"
url_api = "https://api.github.com/repos/astral-sh/uv/releases/assets/497097062"
provenance = "github-attestations"

[tools.uv."platforms.macos-x64"]
checksum = "sha256:69d9f9a00337f25a50dcb13882052da08b8469bac11091c98c5694c3c6721467"
url = "https://github.com/astral-sh/uv/releases/download/0.12.1/uv-x86_64-apple-darwin.tar.gz"
url_api = "https://api.github.com/repos/astral-sh/uv/releases/assets/497097144"
provenance = "github-attestations"

[tools.uv."platforms.windows-x64"]
checksum = "sha256:8fcb0cb46e1229065e344758980924e569bef5882ef45f46fada8fb24e06b74a"
url = "https://github.com/astral-sh/uv/releases/download/0.12.1/uv-x86_64-pc-windows-msvc.zip"
url_api = "https://api.github.com/repos/astral-sh/uv/releases/assets/497097149"
provenance = "github-attestations"

[[tools.wrangler]]
version = "4.118.0"
backend = "npm:wrangler"

[tools.wrangler.options]
allow_builds = '["esbuild", "sharp", "workerd"]'
